# This file is autogenerated, do not edit; changes may be undone by the next 'dep ensure'.


[[projects]]
  branch = "v2"
  name = "github.com/go-yaml/yaml"
  packages = ["."]
  revision = "d670f9405373e636a5a2765eea47fac0c9bc91a4"

[solve-meta]
  analyzer-name = "dep"
  analyzer-version = 1
  inputs-digest = "053bf567a5ce90d2e89fa7b9149350223218fa5b0b469915606095f9acd1ddfc"
  solver-name = "gps-cdcl"
  solver-version = 1
